// !$*UTF8*$!
{
	archiveVersion = 1;
	classes = {
	};
	objectVersion = 50;
	objects = {

/* Begin PBXBuildFile section */
		FFB2310520A0D101003C4055 /* AppDelegate.swift in Sources */ = {isa = PBXBuildFile; fileRef = FFB2310420A0D101003C4055 /* AppDelegate.swift */; };
		FFB2310A20A0D101003C4055 /* Main.storyboard in Resources */ = {isa = PBXBuildFile; fileRef = FFB2310820A0D101003C4055 /* Main.storyboard */; };
		FFB2310C20A0D104003C4055 /* Assets.xcassets in Resources */ = {isa = PBXBuildFile; fileRef = FFB2310B20A0D104003C4055 /* Assets.xcassets */; };
		FFB2310F20A0D104003C4055 /* LaunchScreen.storyboard in Resources */ = {isa = PBXBuildFile; fileRef = FFB2310D20A0D104003C4055 /* LaunchScreen.storyboard */; };
		FFB2311720A0D147003C4055 /* ConverterViewController.swift in Sources */ = {isa = PBXBuildFile; fileRef = FFB2311620A0D147003C4055 /* ConverterViewController.swift */; };
		FFB2311A20A0E7AD003C4055 /* Ingredient.swift in Sources */ = {isa = PBXBuildFile; fileRef = FFB2311920A0E7AD003C4055 /* Ingredient.swift */; };
		FFB2311C20A0E7C3003C4055 /* IngredientModel.swift in Sources */ = {isa = PBXBuildFile; fileRef = FFB2311B20A0E7C3003C4055 /* IngredientModel.swift */; };
/* End PBXBuildFile section */

/* Begin PBXFileReference section */
		FFB2310120A0D101003C4055 /* CookingConverter.app */ = {isa = PBXFileReference; explicitFileType = wrapper.application; includeInIndex = 0; path = CookingConverter.app; sourceTree = BUILT_PRODUCTS_DIR; };
		FFB2310420A0D101003C4055 /* AppDelegate.swift */ = {isa = PBXFileReference; lastKnownFileType = sourcecode.swift; path = AppDelegate.swift; sourceTree = "<group>"; };
		FFB2310920A0D101003C4055 /* Base */ = {isa = PBXFileReference; lastKnownFileType = file.storyboard; name = Base; path = Base.lproj/Main.storyboard; sourceTree = "<group>"; };
		FFB2310B20A0D104003C4055 /* Assets.xcassets */ = {isa = PBXFileReference; lastKnownFileType = folder.assetcatalog; path = Assets.xcassets; sourceTree = "<group>"; };
		FFB2310E20A0D104003C4055 /* Base */ = {isa = PBXFileReference; lastKnownFileType = file.storyboard; name = Base; path = Base.lproj/LaunchScreen.storyboard; sourceTree = "<group>"; };
		FFB2311020A0D104003C4055 /* Info.plist */ = {isa = PBXFileReference; lastKnownFileType = text.plist.xml; path = Info.plist; sourceTree = "<group>"; };
		FFB2311620A0D147003C4055 /* ConverterViewController.swift */ = {isa = PBXFileReference; lastKnownFileType = sourcecode.swift; path = ConverterViewController.swift; sourceTree = "<group>"; };
		FFB2311920A0E7AD003C4055 /* Ingredient.swift */ = {isa = PBXFileReference; lastKnownFileType = sourcecode.swift; path = Ingredient.swift; sourceTree = "<group>"; };
		FFB2311B20A0E7C3003C4055 /* IngredientModel.swift */ = {isa = PBXFileReference; lastKnownFileType = sourcecode.swift; path = IngredientModel.swift; sourceTree = "<group>"; };
/* End PBXFileReference section */

/* Begin PBXFrameworksBuildPhase section */
		FFB230FE20A0D101003C4055 /* Frameworks */ = {
			isa = PBXFrameworksBuildPhase;
			buildActionMask = 2147483647;
			files = (
			);
			runOnlyForDeploymentPostprocessing = 0;
		};
/* End PBXFrameworksBuildPhase section */

/* Begin PBXGroup section */
		FFB230F820A0D101003C4055 = {
			isa = PBXGroup;
			children = (
				FFB2310320A0D101003C4055 /* CookingConverter */,
				FFB2310220A0D101003C4055 /* Products */,
			);
			sourceTree = "<group>";
		};
		FFB2310220A0D101003C4055 /* Products */ = {
			isa = PBXGroup;
			children = (
				FFB2310120A0D101003C4055 /* CookingConverter.app */,
			);
			name = Products;
			sourceTree = "<group>";
		};
		FFB2310320A0D101003C4055 /* CookingConverter */ = {
			isa = PBXGroup;
			children = (
				FFB2310420A0D101003C4055 /* AppDelegate.swift */,
				FFB2310820A0D101003C4055 /* Main.storyboard */,
				FFB2311920A0E7AD003C4055 /* Ingredient.swift */,
				FFB2311B20A0E7C3003C4055 /* IngredientModel.swift */,
				FFB2311820A0D163003C4055 /* Resources */,
			);
			path = CookingConverter;
			sourceTree = "<group>";
		};
		FFB2311820A0D163003C4055 /* Resources */ = {
			isa = PBXGroup;
			children = (
				FFB2310B20A0D104003C4055 /* Assets.xcassets */,
				FFB2310D20A0D104003C4055 /* LaunchScreen.storyboard */,
				FFB2311020A0D104003C4055 /* Info.plist */,
				FFB2311620A0D147003C4055 /* ConverterViewController.swift */,
			);
			path = Resources;
			sourceTree = "<group>";
		};
/* End PBXGroup section */

/* Begin PBXNativeTarget section */
		FFB2310020A0D101003C4055 /* CookingConverter */ = {
			isa = PBXNativeTarget;
			buildConfigurationList = FFB2311320A0D104003C4055 /* Build configuration list for PBXNativeTarget "CookingConverter" */;
			buildPhases = (
				FFB230FD20A0D101003C4055 /* Sources */,
				FFB230FE20A0D101003C4055 /* Frameworks */,
				FFB230FF20A0D101003C4055 /* Resources */,
			);
			buildRules = (
			);
			dependencies = (
			);
			name = CookingConverter;
			productName = CookingConverter;
			productReference = FFB2310120A0D101003C4055 /* CookingConverter.app */;
			productType = "com.apple.product-type.application";
		};
/* End PBXNativeTarget section */

/* Begin PBXProject section */
		FFB230F920A0D101003C4055 /* Project object */ = {
			isa = PBXProject;
			attributes = {
				LastSwiftUpdateCheck = 0930;
				LastUpgradeCheck = 0930;
				ORGANIZATIONNAME = "Kim Lundquist";
				TargetAttributes = {
					FFB2310020A0D101003C4055 = {
						CreatedOnToolsVersion = 9.3;
					};
				};
			};
			buildConfigurationList = FFB230FC20A0D101003C4055 /* Build configuration list for PBXProject "CookingConverter" */;
			compatibilityVersion = "Xcode 9.3";
			developmentRegion = en;
			hasScannedForEncodings = 0;
			knownRegions = (
				en,
				Base,
			);
			mainGroup = FFB230F820A0D101003C4055;
			productRefGroup = FFB2310220A0D101003C4055 /* Products */;
			projectDirPath = "";
			projectRoot = "";
			targets = (
				FFB2310020A0D101003C4055 /* CookingConverter */,
			);
		};
/* End PBXProject section */

/* Begin PBXResourcesBuildPhase section */
		FFB230FF20A0D101003C4055 /* Resources */ = {
			isa = PBXResourcesBuildPhase;
			buildActionMask = 2147483647;
			files = (
				FFB2310F20A0D104003C4055 /* LaunchScreen.storyboard in Resources */,
				FFB2310C20A0D104003C4055 /* Assets.xcassets in Resources */,
				FFB2310A20A0D101003C4055 /* Main.storyboard in Resources */,
			);
			runOnlyForDeploymentPostprocessing = 0;
		};
/* End PBXResourcesBuildPhase section */

/* Begin PBXSourcesBuildPhase section */
		FFB230FD20A0D101003C4055 /* Sources */ = {
			isa = PBXSourcesBuildPhase;
			buildActionMask = 2147483647;
			files = (
				FFB2310520A0D101003C4055 /* AppDelegate.swift in Sources */,
				FFB2311720A0D147003C4055 /* ConverterViewController.swift in Sources */,
				FFB2311C20A0E7C3003C4055 /* IngredientModel.swift in Sources */,
				FFB2311A20A0E7AD003C4055 /* Ingredient.swift in Sources */,
			);
			runOnlyForDeploymentPostprocessing = 0;
		};
/* End PBXSourcesBuildPhase section */

/* Begin PBXVariantGroup section */
		FFB2310820A0D101003C4055 /* Main.storyboard */ = {
			isa = PBXVariantGroup;
			children = (
				FFB2310920A0D101003C4055 /* Base */,
			);
			name = Main.storyboard;
			sourceTree = "<group>";
		};
		FFB2310D20A0D104003C4055 /* LaunchScreen.storyboard */ = {
			isa = PBXVariantGroup;
			children = (
				FFB2310E20A0D104003C4055 /* Base */,
			);
			name = LaunchScreen.storyboard;
			sourceTree = "<group>";
		};
/* End PBXVariantGroup section */

/* Begin XCBuildConfiguration section */
		FFB2311120A0D104003C4055 /* Debug */ = {
			isa = XCBuildConfiguration;
			buildSettings = {
				ALWAYS_SEARCH_USER_PATHS = NO;
				CLANG_ANALYZER_NONNULL = YES;
				CLANG_ANALYZER_NUMBER_OBJECT_CONVERSION = YES_AGGRESSIVE;
				CLANG_CXX_LANGUAGE_STANDARD = "gnu++14";
				CLANG_CXX_LIBRARY = "libc++";
				CLANG_ENABLE_MODULES = YES;
				CLANG_ENABLE_OBJC_ARC = YES;
				CLANG_ENABLE_OBJC_WEAK = YES;
				CLANG_WARN_BLOCK_CAPTURE_AUTORELEASING = YES;
				CLANG_WARN_BOOL_CONVERSION = YES;
				CLANG_WARN_COMMA = YES;
				CLANG_WARN_CONSTANT_CONVERSION = YES;
				CLANG_WARN_DEPRECATED_OBJC_IMPLEMENTATIONS = YES;
				CLANG_WARN_DIRECT_OBJC_ISA_USAGE = YES_ERROR;
				CLANG_WARN_DOCUMENTATION_COMMENTS = YES;
				CLANG_WARN_EMPTY_BODY = YES;
				CLANG_WARN_ENUM_CONVERSION = YES;
				CLANG_WARN_INFINITE_RECURSION = YES;
				CLANG_WARN_INT_CONVERSION = YES;
				CLANG_WARN_NON_LITERAL_NULL_CONVERSION = YES;
				CLANG_WARN_OBJC_IMPLICIT_RETAIN_SELF = YES;
				CLANG_WARN_OBJC_LITERAL_CONVERSION = YES;
				CLANG_WARN_OBJC_ROOT_CLASS = YES_ERROR;
				CLANG_WARN_RANGE_LOOP_ANALYSIS = YES;
				CLANG_WARN_STRICT_PROTOTYPES = YES;
				CLANG_WARN_SUSPICIOUS_MOVE = YES;
				CLANG_WARN_UNGUARDED_AVAILABILITY = YES_AGGRESSIVE;
				CLANG_WARN_UNREACHABLE_CODE = YES;
				CLANG_WARN__DUPLICATE_METHOD_MATCH = YES;
				CODE_SIGN_IDENTITY = "iPhone Developer";
				COPY_PHASE_STRIP = NO;
				DEBUG_INFORMATION_FORMAT = dwarf;
				ENABLE_STRICT_OBJC_MSGSEND = YES;
				ENABLE_TESTABILITY = YES;
				GCC_C_LANGUAGE_STANDARD = gnu11;
				GCC_DYNAMIC_NO_PIC = NO;
				GCC_NO_COMMON_BLOCKS = YES;
				GCC_OPTIMIZATION_LEVEL = 0;
				GCC_PREPROCESSOR_DEFINITIONS = (
					"DEBUG=1",
					"$(inherited)",
				);
				GCC_WARN_64_TO_32_BIT_CONVERSION = YES;
				GCC_WARN_ABOUT_RETURN_TYPE = YES_ERROR;
				GCC_WARN_UNDECLARED_SELECTOR = YES;
				GCC_WARN_UNINITIALIZED_AUTOS = YES_AGGRESSIVE;
				GCC_WARN_UNUSED_FUNCTION = YES;
				GCC_WARN_UNUSED_VARIABLE = YES;
				IPHONEOS_DEPLOYMENT_TARGET = 11.3;
				MTL_ENABLE_DEBUG_INFO = YES;
				ONLY_ACTIVE_ARCH = YES;
				SDKROOT = iphoneos;
				SWIFT_ACTIVE_COMPILATION_CONDITIONS = DEBUG;
				SWIFT_OPTIMIZATION_LEVEL = "-Onone";
			};
			name = Debug;
		};
		FFB2311220A0D104003C4055 /* Release */ = {
			isa = XCBuildConfiguration;
			buildSettings = {
				ALWAYS_SEARCH_USER_PATHS = NO;
				CLANG_ANALYZER_NONNULL = YES;
				CLANG_ANALYZER_NUMBER_OBJECT_CONVERSION = YES_AGGRESSIVE;
				CLANG_CXX_LANGUAGE_STANDARD = "gnu++14";
				CLANG_CXX_LIBRARY = "libc++";
				CLANG_ENABLE_MODULES = YES;
				CLANG_ENABLE_OBJC_ARC = YES;
				CLANG_ENABLE_OBJC_WEAK = YES;
				CLANG_WARN_BLOCK_CAPTURE_AUTORELEASING = YES;
				CLANG_WARN_BOOL_CONVERSION = YES;
				CLANG_WARN_COMMA = YES;
				CLANG_WARN_CONSTANT_CONVERSION = YES;
				CLANG_WARN_DEPRECATED_OBJC_IMPLEMENTATIONS = YES;
				CLANG_WARN_DIRECT_OBJC_ISA_USAGE = YES_ERROR;
				CLANG_WARN_DOCUMENTATION_COMMENTS = YES;
				CLANG_WARN_EMPTY_BODY = YES;
				CLANG_WARN_ENUM_CONVERSION = YES;
				CLANG_WARN_INFINITE_RECURSION = YES;
				CLANG_WARN_INT_CONVERSION = YES;
				CLANG_WARN_NON_LITERAL_NULL_CONVERSION = YES;
				CLANG_WARN_OBJC_IMPLICIT_RETAIN_SELF = YES;
				CLANG_WARN_OBJC_LITERAL_CONVERSION = YES;
				CLANG_WARN_OBJC_ROOT_CLASS = YES_ERROR;
				CLANG_WARN_RANGE_LOOP_ANALYSIS = YES;
				CLANG_WARN_STRICT_PROTOTYPES = YES;
				CLANG_WARN_SUSPICIOUS_MOVE = YES;
				CLANG_WARN_UNGUARDED_AVAILABILITY = YES_AGGRESSIVE;
				CLANG_WARN_UNREACHABLE_CODE = YES;
				CLANG_WARN__DUPLICATE_METHOD_MATCH = YES;
				CODE_SIGN_IDENTITY = "iPhone Developer";
				COPY_PHASE_STRIP = NO;
				DEBUG_INFORMATION_FORMAT = "dwarf-with-dsym";
				ENABLE_NS_ASSERTIONS = NO;
				ENABLE_STRICT_OBJC_MSGSEND = YES;
				GCC_C_LANGUAGE_STANDARD = gnu11;
				GCC_NO_COMMON_BLOCKS = YES;
				GCC_WARN_64_TO_32_BIT_CONVERSION = YES;
				GCC_WARN_ABOUT_RETURN_TYPE = YES_ERROR;
				GCC_WARN_UNDECLARED_SELECTOR = YES;
				GCC_WARN_UNINITIALIZED_AUTOS = YES_AGGRESSIVE;
				GCC_WARN_UNUSED_FUNCTION = YES;
				GCC_WARN_UNUSED_VARIABLE = YES;
				IPHONEOS_DEPLOYMENT_TARGET = 11.3;
				MTL_ENABLE_DEBUG_INFO = NO;
				SDKROOT = iphoneos;
				SWIFT_COMPILATION_MODE = wholemodule;
				SWIFT_OPTIMIZATION_LEVEL = "-O";
				VALIDATE_PRODUCT = YES;
			};
			name = Release;
		};
		FFB2311420A0D104003C4055 /* Debug */ = {
			isa = XCBuildConfiguration;
			buildSettings = {
				ASSETCATALOG_COMPILER_APPICON_NAME = AppIcon;
				CODE_SIGN_STYLE = Automatic;
				DEVELOPMENT_TEAM = A6SH4SB8PT;
				INFOPLIST_FILE = CookingConverter/Info.plist;
				LD_RUNPATH_SEARCH_PATHS = (
					"$(inherited)",
					"@executable_path/Frameworks",
				);
				PRODUCT_BUNDLE_IDENTIFIER = com.KimLundquist.CookingConverter;
				PRODUCT_NAME = "$(TARGET_NAME)";
				SWIFT_VERSION = 4.0;
				TARGETED_DEVICE_FAMILY = "1,2";
			};
			name = Debug;
		};
		FFB2311520A0D104003C4055 /* Release */ = {
			isa = XCBuildConfiguration;
			buildSettings = {
				ASSETCATALOG_COMPILER_APPICON_NAME = AppIcon;
				CODE_SIGN_STYLE = Automatic;
				DEVELOPMENT_TEAM = A6SH4SB8PT;
				INFOPLIST_FILE = CookingConverter/Info.plist;
				LD_RUNPATH_SEARCH_PATHS = (
					"$(inherited)",
					"@executable_path/Frameworks",
				);
				PRODUCT_BUNDLE_IDENTIFIER = com.KimLundquist.CookingConverter;
				PRODUCT_NAME = "$(TARGET_NAME)";
				SWIFT_VERSION = 4.0;
				TARGETED_DEVICE_FAMILY = "1,2";
			};
			name = Release;
		};
/* End XCBuildConfiguration section */

/* Begin XCConfigurationList section */
		FFB230FC20A0D101003C4055 /* Build configuration list for PBXProject "CookingConverter" */ = {
			isa = XCConfigurationList;
			buildConfigurations = (
				FFB2311120A0D104003C4055 /* Debug */,
				FFB2311220A0D104003C4055 /* Release */,
			);
			defaultConfigurationIsVisible = 0;
			defaultConfigurationName = Release;
		};
		FFB2311320A0D104003C4055 /* Build configuration list for PBXNativeTarget "CookingConverter" */ = {
			isa = XCConfigurationList;
			buildConfigurations = (
				FFB2311420A0D104003C4055 /* Debug */,
				FFB2311520A0D104003C4055 /* Release */,
			);
			defaultConfigurationIsVisible = 0;
			defaultConfigurationName = Release;
		};
/* End XCConfigurationList section */
	};
	rootObject = FFB230F920A0D101003C4055 /* Project object */;
}
